
Microsoft Visual Studio Solution File, Format Version 12.00
# Visual Studio 15
VisualStudioVersion = 15.0.26124.0
MinimumVisualStudioVersion = 15.0.26124.0
Project("{2150E333-8FDC-42A3-9474-1A3956D46DE8}") = "src", "src", "{F6F8628E-A7CF-46B5-95A6-7021CD2850F0}"
EndProject
Project("{FAE04EC0-301F-11D3-BF4B-00C04F79EFBC}") = "DotNetNinja.ApiTemplate", "src\DotNetNinja.ApiTemplate\DotNetNinja.ApiTemplate.csproj", "{B3DA78A3-B09A-4AFD-A242-CBFA9C7CFF6E}"
EndProject
Project("{2150E333-8FDC-42A3-9474-1A3956D46DE8}") = "tests", "tests", "{571D7745-F45E-4F30-9C2D-36B3710C43DC}"
EndProject
Project("{FAE04EC0-301F-11D3-BF4B-00C04F79EFBC}") = "DotNetNinja.ApiTemplate.Tests", "tests\DotNetNinja.ApiTemplate.Tests\DotNetNinja.ApiTemplate.Tests.csproj", "{7FD617B6-ED88-479D-AB51-FBB1DEC995F5}"
EndProject
Global
	GlobalSection(SolutionConfigurationPlatforms) = preSolution
		Debug|Any CPU = Debug|Any CPU
		Debug|x64 = Debug|x64
		Debug|x86 = Debug|x86
		Release|Any CPU = Release|Any CPU
		Release|x64 = Release|x64
		Release|x86 = Release|x86
	EndGlobalSection
	GlobalSection(SolutionProperties) = preSolution
		HideSolutionNode = FALSE
	EndGlobalSection
	GlobalSection(ProjectConfigurationPlatforms) = postSolution
		{B3DA78A3-B09A-4AFD-A242-CBFA9C7CFF6E}.Debug|Any CPU.ActiveCfg = Debug|Any CPU
		{B3DA78A3-B09A-4AFD-A242-CBFA9C7CFF6E}.Debug|Any CPU.Build.0 = Debug|Any CPU
		{B3DA78A3-B09A-4AFD-A242-CBFA9C7CFF6E}.Debug|x64.ActiveCfg = Debug|Any CPU
		{B3DA78A3-B09A-4AFD-A242-CBFA9C7CFF6E}.Debug|x64.Build.0 = Debug|Any CPU
		{B3DA78A3-B09A-4AFD-A242-CBFA9C7CFF6E}.Debug|x86.ActiveCfg = Debug|Any CPU
		{B3DA78A3-B09A-4AFD-A242-CBFA9C7CFF6E}.Debug|x86.Build.0 = Debug|Any CPU
		{B3DA78A3-B09A-4AFD-A242-CBFA9C7CFF6E}.Release|Any CPU.ActiveCfg = Release|Any CPU
		{B3DA78A3-B09A-4AFD-A242-CBFA9C7CFF6E}.Release|Any CPU.Build.0 = Release|Any CPU
		{B3DA78A3-B09A-4AFD-A242-CBFA9C7CFF6E}.Release|x64.ActiveCfg = Release|Any CPU
		{B3DA78A3-B09A-4AFD-A242-CBFA9C7CFF6E}.Release|x64.Build.0 = Release|Any CPU
		{B3DA78A3-B09A-4AFD-A242-CBFA9C7CFF6E}.Release|x86.ActiveCfg = Release|Any CPU
		{B3DA78A3-B09A-4AFD-A242-CBFA9C7CFF6E}.Release|x86.Build.0 = Release|Any CPU
		{7FD617B6-ED88-479D-AB51-FBB1DEC995F5}.Debug|Any CPU.ActiveCfg = Debug|Any CPU
		{7FD617B6-ED88-479D-AB51-FBB1DEC995F5}.Debug|Any CPU.Build.0 = Debug|Any CPU
		{7FD617B6-ED88-479D-AB51-FBB1DEC995F5}.Debug|x64.ActiveCfg = Debug|Any CPU
		{7FD617B6-ED88-479D-AB51-FBB1DEC995F5}.Debug|x64.Build.0 = Debug|Any CPU
		{7FD617B6-ED88-479D-AB51-FBB1DEC995F5}.Debug|x86.ActiveCfg = Debug|Any CPU
		{7FD617B6-ED88-479D-AB51-FBB1DEC995F5}.Debug|x86.Build.0 = Debug|Any CPU
		{7FD617B6-ED88-479D-AB51-FBB1DEC995F5}.Release|Any CPU.ActiveCfg = Release|Any CPU
		{7FD617B6-ED88-479D-AB51-FBB1DEC995F5}.Release|Any CPU.Build.0 = Release|Any CPU
		{7FD617B6-ED88-479D-AB51-FBB1DEC995F5}.Release|x64.ActiveCfg = Release|Any CPU
		{7FD617B6-ED88-479D-AB51-FBB1DEC995F5}.Release|x64.Build.0 = Release|Any CPU
		{7FD617B6-ED88-479D-AB51-FBB1DEC995F5}.Release|x86.ActiveCfg = Release|Any CPU
		{7FD617B6-ED88-479D-AB51-FBB1DEC995F5}.Release|x86.Build.0 = Release|Any CPU
	EndGlobalSection
	GlobalSection(NestedProjects) = preSolution
		{B3DA78A3-B09A-4AFD-A242-CBFA9C7CFF6E} = {F6F8628E-A7CF-46B5-95A6-7021CD2850F0}
		{7FD617B6-ED88-479D-AB51-FBB1DEC995F5} = {571D7745-F45E-4F30-9C2D-36B3710C43DC}
	EndGlobalSection
EndGlobal
